{
  "requires": true,
  "lockfileVersion": 1,
  "dependencies": {
    "ngx-mask": {
      "version": "10.0.1",
      "resolved": "https://registry.npmjs.org/ngx-mask/-/ngx-mask-10.0.1.tgz",
      "integrity": "sha512-hk5wEocNvZazZXrjwor6YqRWeJBiKWZmy1VE/K4AJAWn3f5lOPEODsjaoA4LTK6HYksO3kYCpE2z+A5UYtK3HA==",
      "requires": {
        "tslib": "^2.0.0"
      }
    },
    "tslib": {
      "version": "2.0.1",
      "resolved": "https://registry.npmjs.org/tslib/-/tslib-2.0.1.tgz",
      "integrity": "sha512-SgIkNheinmEBgx1IUNirK0TUD4X9yjjBRTqqjggWCU3pUEqIk3/Uwl3yRixYKT6WjQuGiwDv4NomL3wqRCj+CQ=="
    }
  }
}
